
Microsoft Visual Studio Solution File, Format Version 12.00
# Visual Studio 15
Project("{FAE04EC0-301F-11D3-BF4B-00C04F79EFBC}") = "NavMeshPlus", "NavMeshPlus.csproj", "{07F899DE-85C6-D692-4CE3-D56606F8B424}"
EndProject
Project("{FAE04EC0-301F-11D3-BF4B-00C04F79EFBC}") = "Assembly-CSharp", "Assembly-CSharp.csproj", "{99215AE5-755C-10A2-F4F1-1126B071E2D3}"
EndProject
Project("{FAE04EC0-301F-11D3-BF4B-00C04F79EFBC}") = "NavMeshPlusEditor", "NavMeshPlusEditor.csproj", "{C269F967-B018-2045-CEE7-BAE2A70D84CB}"
EndProject
Global
	GlobalSection(SolutionConfigurationPlatforms) = preSolution
		Debug|Any CPU = Debug|Any CPU
		Release|Any CPU = Release|Any CPU
	EndGlobalSection
	GlobalSection(ProjectConfigurationPlatforms) = postSolution
		{07F899DE-85C6-D692-4CE3-D56606F8B424}.Debug|Any CPU.ActiveCfg = Debug|Any CPU
		{07F899DE-85C6-D692-4CE3-D56606F8B424}.Debug|Any CPU.Build.0 = Debug|Any CPU
		{07F899DE-85C6-D692-4CE3-D56606F8B424}.Release|Any CPU.ActiveCfg = Release|Any CPU
		{07F899DE-85C6-D692-4CE3-D56606F8B424}.Release|Any CPU.Build.0 = Release|Any CPU
		{99215AE5-755C-10A2-F4F1-1126B071E2D3}.Debug|Any CPU.ActiveCfg = Debug|Any CPU
		{99215AE5-755C-10A2-F4F1-1126B071E2D3}.Debug|Any CPU.Build.0 = Debug|Any CPU
		{99215AE5-755C-10A2-F4F1-1126B071E2D3}.Release|Any CPU.ActiveCfg = Release|Any CPU
		{99215AE5-755C-10A2-F4F1-1126B071E2D3}.Release|Any CPU.Build.0 = Release|Any CPU
		{C269F967-B018-2045-CEE7-BAE2A70D84CB}.Debug|Any CPU.ActiveCfg = Debug|Any CPU
		{C269F967-B018-2045-CEE7-BAE2A70D84CB}.Debug|Any CPU.Build.0 = Debug|Any CPU
		{C269F967-B018-2045-CEE7-BAE2A70D84CB}.Release|Any CPU.ActiveCfg = Release|Any CPU
		{C269F967-B018-2045-CEE7-BAE2A70D84CB}.Release|Any CPU.Build.0 = Release|Any CPU
	EndGlobalSection
	GlobalSection(SolutionProperties) = preSolution
		HideSolutionNode = FALSE
	EndGlobalSection
EndGlobal
